
Microsoft Visual Studio Solution File, Format Version 12.00
# Visual Studio Version 17
VisualStudioVersion = 17.8.34316.72
MinimumVisualStudioVersion = 10.0.40219.1
Project("{FAE04EC0-301F-11D3-BF4B-00C04F79EFBC}") = "oop-2023-ca1-68902", "ConsoleApp3\oop-2023-ca1-68902.csproj", "{0B86E4A2-2326-4B11-89C8-418C7ACB3472}"
EndProject
Global
	GlobalSection(SolutionConfigurationPlatforms) = preSolution
		Debug|Any CPU = Debug|Any CPU
		Release|Any CPU = Release|Any CPU
	EndGlobalSection
	GlobalSection(ProjectConfigurationPlatforms) = postSolution
		{0B86E4A2-2326-4B11-89C8-418C7ACB3472}.Debug|Any CPU.ActiveCfg = Debug|Any CPU
		{0B86E4A2-2326-4B11-89C8-418C7ACB3472}.Debug|Any CPU.Build.0 = Debug|Any CPU
		{0B86E4A2-2326-4B11-89C8-418C7ACB3472}.Release|Any CPU.ActiveCfg = Release|Any CPU
		{0B86E4A2-2326-4B11-89C8-418C7ACB3472}.Release|Any CPU.Build.0 = Release|Any CPU
	EndGlobalSection
	GlobalSection(SolutionProperties) = preSolution
		HideSolutionNode = FALSE
	EndGlobalSection
	GlobalSection(ExtensibilityGlobals) = postSolution
		SolutionGuid = {28EF6295-7C9D-4362-B187-1F53DDC40A33}
	EndGlobalSection
EndGlobal
